
Microsoft Visual Studio Solution File, Format Version 12.00
# Visual Studio Version 16
VisualStudioVersion = 16.0.30804.86
MinimumVisualStudioVersion = 10.0.40219.1
Project("{FAE04EC0-301F-11D3-BF4B-00C04F79EFBC}") = "Doviz_ofisi", "Doviz_ofisi\Doviz_ofisi.csproj", "{C7A690F9-6ADF-483E-BE5F-7D08113CE370}"
EndProject
Global
	GlobalSection(SolutionConfigurationPlatforms) = preSolution
		Debug|Any CPU = Debug|Any CPU
		Release|Any CPU = Release|Any CPU
	EndGlobalSection
	GlobalSection(ProjectConfigurationPlatforms) = postSolution
		{C7A690F9-6ADF-483E-BE5F-7D08113CE370}.Debug|Any CPU.ActiveCfg = Debug|Any CPU
		{C7A690F9-6ADF-483E-BE5F-7D08113CE370}.Debug|Any CPU.Build.0 = Debug|Any CPU
		{C7A690F9-6ADF-483E-BE5F-7D08113CE370}.Release|Any CPU.ActiveCfg = Release|Any CPU
		{C7A690F9-6ADF-483E-BE5F-7D08113CE370}.Release|Any CPU.Build.0 = Release|Any CPU
	EndGlobalSection
	GlobalSection(SolutionProperties) = preSolution
		HideSolutionNode = FALSE
	EndGlobalSection
	GlobalSection(ExtensibilityGlobals) = postSolution
		SolutionGuid = {8CB84C2D-6CA9-4E1C-84E1-FE528E0C57E2}
	EndGlobalSection
EndGlobal
